github.com/gethinode/hinode v1.9.0 h1:T9xvlLVYzDnUBgVS2KrANLtoPibAD7Ek2BMo96EuKeU=
github.com/gethinode/hinode v1.9.0/go.mod h1:UN9DB9WbfTW2f4JhPJi4p75BQZYAxaRTONzBF8C4f9Y=
github.com/gethinode/hinode v1.9.1 h1:6e4+nQx6IR5N4usHRpeXr7rDiT53m7ycu7/r/zY9nhM=
github.com/gethinode/hinode v1.9.1/go.mod h1:UN9DB9WbfTW2f4JhPJi4p75BQZYAxaRTONzBF8C4f9Y=
github.com/gethinode/mod-cookieyes/v2 v2.2.5 h1:xzTQ42qYViZ/LJJUHAEeDV9aayXVEX4MtnpS+m5Zekc=
github.com/gethinode/mod-cookieyes/v2 v2.2.5/go.mod h1:tULb7D7CoTycGUyL7ryqHJKaX11XuL2SN+XwP7/DI0Y=
